PODS:
  - NVActivityIndicatorView/AppExtension (4.8.0)

DEPENDENCIES:
  - NVActivityIndicatorView/AppExtension

SPEC REPOS:
  trunk:
    - NVActivityIndicatorView

SPEC CHECKSUMS:
  NVActivityIndicatorView: d24b7ebcf80af5dcd994adb650e2b6c93379270f

PODFILE CHECKSUM: 18789a3b2156a97207020ba22e9e546b1a4f9f27

COCOAPODS: 1.15.2
