// !$*UTF8*$!
{
	archiveVersion = 1;
	classes = {
	};
	objectVersion = 56;
	objects = {

/* Begin PBXBuildFile section */
		BF22931D2C5B8293005ECF47 /* Richability.swift in Sources */ = {isa = PBXBuildFile; fileRef = BF22931C2C5B8293005ECF47 /* Richability.swift */; };
		BF22931F2C5B8339005ECF47 /* Downloader.swift in Sources */ = {isa = PBXBuildFile; fileRef = BF22931E2C5B8339005ECF47 /* Downloader.swift */; };
		BF22932B2C5CF431005ECF47 /* ItemTableViewCell.swift in Sources */ = {isa = PBXBuildFile; fileRef = BF22932A2C5CF431005ECF47 /* ItemTableViewCell.swift */; };
		BF22932D2C625D02005ECF47 /* HelperFunctions.swift in Sources */ = {isa = PBXBuildFile; fileRef = BF22932C2C625D02005ECF47 /* HelperFunctions.swift */; };
		BF22932F2C626790005ECF47 /* ItemViewController.swift in Sources */ = {isa = PBXBuildFile; fileRef = BF22932E2C626790005ECF47 /* ItemViewController.swift */; };
		BF2293312C637A13005ECF47 /* ImageCollectionViewCell.swift in Sources */ = {isa = PBXBuildFile; fileRef = BF2293302C637A13005ECF47 /* ImageCollectionViewCell.swift */; };
		BF6217BF2C57E355006B6CA1 /* ItemsTableViewController.swift in Sources */ = {isa = PBXBuildFile; fileRef = BF6217BE2C57E355006B6CA1 /* ItemsTableViewController.swift */; };
		BF6217C12C590462006B6CA1 /* Item.swift in Sources */ = {isa = PBXBuildFile; fileRef = BF6217C02C590462006B6CA1 /* Item.swift */; };
		BF6217C32C592702006B6CA1 /* AddItemViewController.swift in Sources */ = {isa = PBXBuildFile; fileRef = BF6217C22C592702006B6CA1 /* AddItemViewController.swift */; };
		BF8551912C528A0B0008B3A8 /* AppDelegate.swift in Sources */ = {isa = PBXBuildFile; fileRef = BF8551902C528A0B0008B3A8 /* AppDelegate.swift */; };
		BF8551932C528A0B0008B3A8 /* SceneDelegate.swift in Sources */ = {isa = PBXBuildFile; fileRef = BF8551922C528A0B0008B3A8 /* SceneDelegate.swift */; };
		BF8551982C528A0B0008B3A8 /* Base in Resources */ = {isa = PBXBuildFile; fileRef = BF8551972C528A0B0008B3A8 /* Base */; };
		BF85519A2C528A0D0008B3A8 /* Assets.xcassets in Resources */ = {isa = PBXBuildFile; fileRef = BF8551992C528A0D0008B3A8 /* Assets.xcassets */; };
		BF85519D2C528A0D0008B3A8 /* Base in Resources */ = {isa = PBXBuildFile; fileRef = BF85519C2C528A0D0008B3A8 /* Base */; };
		BF8551A52C53B1EE0008B3A8 /* CategoryCollectionViewController.swift in Sources */ = {isa = PBXBuildFile; fileRef = BF8551A42C53B1EE0008B3A8 /* CategoryCollectionViewController.swift */; };
		BF8551A72C53B28A0008B3A8 /* CategoryCollectionViewCell.swift in Sources */ = {isa = PBXBuildFile; fileRef = BF8551A62C53B28A0008B3A8 /* CategoryCollectionViewCell.swift */; };
		BF8551A92C53B5250008B3A8 /* GoogleService-Info.plist in Resources */ = {isa = PBXBuildFile; fileRef = BF8551A82C53B5250008B3A8 /* GoogleService-Info.plist */; };
		BF8551AC2C53B7D00008B3A8 /* FirebaseAuth in Frameworks */ = {isa = PBXBuildFile; productRef = BF8551AB2C53B7D00008B3A8 /* FirebaseAuth */; };
		BF8551AE2C53B7D00008B3A8 /* FirebaseFirestore in Frameworks */ = {isa = PBXBuildFile; productRef = BF8551AD2C53B7D00008B3A8 /* FirebaseFirestore */; };
		BF8551B02C53B7D00008B3A8 /* FirebaseStorage in Frameworks */ = {isa = PBXBuildFile; productRef = BF8551AF2C53B7D00008B3A8 /* FirebaseStorage */; };
		BF8551B22C53BA090008B3A8 /* FirebaseCollectionReference.swift in Sources */ = {isa = PBXBuildFile; fileRef = BF8551B12C53BA090008B3A8 /* FirebaseCollectionReference.swift */; };
		BF8551B72C53BE310008B3A8 /* Category.swift in Sources */ = {isa = PBXBuildFile; fileRef = BF8551B62C53BE310008B3A8 /* Category.swift */; };
		BF8551BA2C53C6790008B3A8 /* Constants.swift in Sources */ = {isa = PBXBuildFile; fileRef = BF8551B92C53C6790008B3A8 /* Constants.swift */; };
		BFAEA0FD2C64F77A003A3ECE /* Basket.swift in Sources */ = {isa = PBXBuildFile; fileRef = BFAEA0FC2C64F77A003A3ECE /* Basket.swift */; };
		BFAEA0FF2C6A35E3003A3ECE /* BasketViewController.swift in Sources */ = {isa = PBXBuildFile; fileRef = BFAEA0FE2C6A35E3003A3ECE /* BasketViewController.swift */; };
		BFAEA1012C6B80FC003A3ECE /* WelcomeViewController.swift in Sources */ = {isa = PBXBuildFile; fileRef = BFAEA1002C6B80FC003A3ECE /* WelcomeViewController.swift */; };
		BFAEA1032C6B8A7D003A3ECE /* MUser.swift in Sources */ = {isa = PBXBuildFile; fileRef = BFAEA1022C6B8A7D003A3ECE /* MUser.swift */; };
		BFAEA1052C6E0DBC003A3ECE /* ProfileTableViewController.swift in Sources */ = {isa = PBXBuildFile; fileRef = BFAEA1042C6E0DBC003A3ECE /* ProfileTableViewController.swift */; };
		BFAEA1072C6E3F5B003A3ECE /* FinishRegistrationViewController.swift in Sources */ = {isa = PBXBuildFile; fileRef = BFAEA1062C6E3F5B003A3ECE /* FinishRegistrationViewController.swift */; };
		BFAEA10A2C6E594C003A3ECE /* EditProfileViewController.swift in Sources */ = {isa = PBXBuildFile; fileRef = BFAEA1092C6E594C003A3ECE /* EditProfileViewController.swift */; };
/* End PBXBuildFile section */

/* Begin PBXFileReference section */
		BF22931C2C5B8293005ECF47 /* Richability.swift */ = {isa = PBXFileReference; lastKnownFileType = sourcecode.swift; path = Richability.swift; sourceTree = "<group>"; };
		BF22931E2C5B8339005ECF47 /* Downloader.swift */ = {isa = PBXFileReference; lastKnownFileType = sourcecode.swift; path = Downloader.swift; sourceTree = "<group>"; };
		BF2293202C5B963D005ECF47 /* NVActivityIndicatorView.framework */ = {isa = PBXFileReference; explicitFileType = wrapper.framework; path = NVActivityIndicatorView.framework; sourceTree = BUILT_PRODUCTS_DIR; };
		BF2293272C5BA3D4005ECF47 /* NVActivityIndicatorView.framework */ = {isa = PBXFileReference; explicitFileType = wrapper.framework; path = NVActivityIndicatorView.framework; sourceTree = BUILT_PRODUCTS_DIR; };
		BF22932A2C5CF431005ECF47 /* ItemTableViewCell.swift */ = {isa = PBXFileReference; lastKnownFileType = sourcecode.swift; path = ItemTableViewCell.swift; sourceTree = "<group>"; };
		BF22932C2C625D02005ECF47 /* HelperFunctions.swift */ = {isa = PBXFileReference; lastKnownFileType = sourcecode.swift; path = HelperFunctions.swift; sourceTree = "<group>"; };
		BF22932E2C626790005ECF47 /* ItemViewController.swift */ = {isa = PBXFileReference; lastKnownFileType = sourcecode.swift; path = ItemViewController.swift; sourceTree = "<group>"; };
		BF2293302C637A13005ECF47 /* ImageCollectionViewCell.swift */ = {isa = PBXFileReference; lastKnownFileType = sourcecode.swift; path = ImageCollectionViewCell.swift; sourceTree = "<group>"; };
		BF6217BE2C57E355006B6CA1 /* ItemsTableViewController.swift */ = {isa = PBXFileReference; lastKnownFileType = sourcecode.swift; path = ItemsTableViewController.swift; sourceTree = "<group>"; };
		BF6217C02C590462006B6CA1 /* Item.swift */ = {isa = PBXFileReference; lastKnownFileType = sourcecode.swift; path = Item.swift; sourceTree = "<group>"; };
		BF6217C22C592702006B6CA1 /* AddItemViewController.swift */ = {isa = PBXFileReference; lastKnownFileType = sourcecode.swift; path = AddItemViewController.swift; sourceTree = "<group>"; };
		BF85518D2C528A0B0008B3A8 /* e-shop.app */ = {isa = PBXFileReference; explicitFileType = wrapper.application; includeInIndex = 0; path = "e-shop.app"; sourceTree = BUILT_PRODUCTS_DIR; };
		BF8551902C528A0B0008B3A8 /* AppDelegate.swift */ = {isa = PBXFileReference; lastKnownFileType = sourcecode.swift; path = AppDelegate.swift; sourceTree = "<group>"; };
		BF8551922C528A0B0008B3A8 /* SceneDelegate.swift */ = {isa = PBXFileReference; lastKnownFileType = sourcecode.swift; path = SceneDelegate.swift; sourceTree = "<group>"; };
		BF8551972C528A0B0008B3A8 /* Base */ = {isa = PBXFileReference; lastKnownFileType = file.storyboard; name = Base; path = Base.lproj/Main.storyboard; sourceTree = "<group>"; };
		BF8551992C528A0D0008B3A8 /* Assets.xcassets */ = {isa = PBXFileReference; lastKnownFileType = folder.assetcatalog; path = Assets.xcassets; sourceTree = "<group>"; };
		BF85519C2C528A0D0008B3A8 /* Base */ = {isa = PBXFileReference; lastKnownFileType = file.storyboard; name = Base; path = Base.lproj/LaunchScreen.storyboard; sourceTree = "<group>"; };
		BF85519E2C528A0D0008B3A8 /* Info.plist */ = {isa = PBXFileReference; lastKnownFileType = text.plist.xml; path = Info.plist; sourceTree = "<group>"; };
		BF8551A42C53B1EE0008B3A8 /* CategoryCollectionViewController.swift */ = {isa = PBXFileReference; lastKnownFileType = sourcecode.swift; path = CategoryCollectionViewController.swift; sourceTree = "<group>"; };
		BF8551A62C53B28A0008B3A8 /* CategoryCollectionViewCell.swift */ = {isa = PBXFileReference; lastKnownFileType = sourcecode.swift; path = CategoryCollectionViewCell.swift; sourceTree = "<group>"; };
		BF8551A82C53B5250008B3A8 /* GoogleService-Info.plist */ = {isa = PBXFileReference; fileEncoding = 4; lastKnownFileType = text.plist.xml; path = "GoogleService-Info.plist"; sourceTree = "<group>"; };
		BF8551B12C53BA090008B3A8 /* FirebaseCollectionReference.swift */ = {isa = PBXFileReference; lastKnownFileType = sourcecode.swift; path = FirebaseCollectionReference.swift; sourceTree = "<group>"; };
		BF8551B62C53BE310008B3A8 /* Category.swift */ = {isa = PBXFileReference; lastKnownFileType = sourcecode.swift; path = Category.swift; sourceTree = "<group>"; };
		BF8551B92C53C6790008B3A8 /* Constants.swift */ = {isa = PBXFileReference; lastKnownFileType = sourcecode.swift; path = Constants.swift; sourceTree = "<group>"; };
		BFAEA0FC2C64F77A003A3ECE /* Basket.swift */ = {isa = PBXFileReference; lastKnownFileType = sourcecode.swift; path = Basket.swift; sourceTree = "<group>"; };
		BFAEA0FE2C6A35E3003A3ECE /* BasketViewController.swift */ = {isa = PBXFileReference; lastKnownFileType = sourcecode.swift; path = BasketViewController.swift; sourceTree = "<group>"; };
		BFAEA1002C6B80FC003A3ECE /* WelcomeViewController.swift */ = {isa = PBXFileReference; lastKnownFileType = sourcecode.swift; path = WelcomeViewController.swift; sourceTree = "<group>"; };
		BFAEA1022C6B8A7D003A3ECE /* MUser.swift */ = {isa = PBXFileReference; lastKnownFileType = sourcecode.swift; path = MUser.swift; sourceTree = "<group>"; };
		BFAEA1042C6E0DBC003A3ECE /* ProfileTableViewController.swift */ = {isa = PBXFileReference; lastKnownFileType = sourcecode.swift; path = ProfileTableViewController.swift; sourceTree = "<group>"; };
		BFAEA1062C6E3F5B003A3ECE /* FinishRegistrationViewController.swift */ = {isa = PBXFileReference; lastKnownFileType = sourcecode.swift; path = FinishRegistrationViewController.swift; sourceTree = "<group>"; };
		BFAEA1092C6E594C003A3ECE /* EditProfileViewController.swift */ = {isa = PBXFileReference; lastKnownFileType = sourcecode.swift; path = EditProfileViewController.swift; sourceTree = "<group>"; };
/* End PBXFileReference section */

/* Begin PBXFrameworksBuildPhase section */
		BF85518A2C528A0B0008B3A8 /* Frameworks */ = {
			isa = PBXFrameworksBuildPhase;
			buildActionMask = 2147483647;
			files = (
				BF8551AC2C53B7D00008B3A8 /* FirebaseAuth in Frameworks */,
				BF8551AE2C53B7D00008B3A8 /* FirebaseFirestore in Frameworks */,
				BF8551B02C53B7D00008B3A8 /* FirebaseStorage in Frameworks */,
			);
			runOnlyForDeploymentPostprocessing = 0;
		};
/* End PBXFrameworksBuildPhase section */

/* Begin PBXGroup section */
		A55CB92C3FE1381D044F0093 /* Frameworks */ = {
			isa = PBXGroup;
			children = (
				BF2293272C5BA3D4005ECF47 /* NVActivityIndicatorView.framework */,
				BF2293202C5B963D005ECF47 /* NVActivityIndicatorView.framework */,
			);
			name = Frameworks;
			sourceTree = "<group>";
		};
		BF8551842C528A0B0008B3A8 = {
			isa = PBXGroup;
			children = (
				BF85518F2C528A0B0008B3A8 /* e-shop */,
				BF85518E2C528A0B0008B3A8 /* Products */,
				A55CB92C3FE1381D044F0093 /* Frameworks */,
			);
			sourceTree = "<group>";
		};
		BF85518E2C528A0B0008B3A8 /* Products */ = {
			isa = PBXGroup;
			children = (
				BF85518D2C528A0B0008B3A8 /* e-shop.app */,
			);
			name = Products;
			sourceTree = "<group>";
		};
		BF85518F2C528A0B0008B3A8 /* e-shop */ = {
			isa = PBXGroup;
			children = (
				BF8551902C528A0B0008B3A8 /* AppDelegate.swift */,
				BF8551922C528A0B0008B3A8 /* SceneDelegate.swift */,
				BF8551B82C53BE430008B3A8 /* Model */,
				BF8551B32C53BDA10008B3A8 /* Helpers */,
				BF8551B42C53BDC40008B3A8 /* Main Views */,
				BF8551B52C53BDE10008B3A8 /* Custom Cells */,
				BF8551962C528A0B0008B3A8 /* Main.storyboard */,
				BF8551992C528A0D0008B3A8 /* Assets.xcassets */,
				BF85519B2C528A0D0008B3A8 /* LaunchScreen.storyboard */,
				BF85519E2C528A0D0008B3A8 /* Info.plist */,
				BF8551A82C53B5250008B3A8 /* GoogleService-Info.plist */,
			);
			path = "e-shop";
			sourceTree = "<group>";
		};
		BF8551B32C53BDA10008B3A8 /* Helpers */ = {
			isa = PBXGroup;
			children = (
				BF8551B12C53BA090008B3A8 /* FirebaseCollectionReference.swift */,
				BF22931C2C5B8293005ECF47 /* Richability.swift */,
				BF22931E2C5B8339005ECF47 /* Downloader.swift */,
				BF8551B92C53C6790008B3A8 /* Constants.swift */,
				BF22932C2C625D02005ECF47 /* HelperFunctions.swift */,
			);
			path = Helpers;
			sourceTree = "<group>";
		};
		BF8551B42C53BDC40008B3A8 /* Main Views */ = {
			isa = PBXGroup;
			children = (
				BF8551A42C53B1EE0008B3A8 /* CategoryCollectionViewController.swift */,
				BFAEA0FE2C6A35E3003A3ECE /* BasketViewController.swift */,
				BF6217C22C592702006B6CA1 /* AddItemViewController.swift */,
				BFAEA1042C6E0DBC003A3ECE /* ProfileTableViewController.swift */,
				BF6217BE2C57E355006B6CA1 /* ItemsTableViewController.swift */,
				BF22932E2C626790005ECF47 /* ItemViewController.swift */,
				BFAEA1092C6E594C003A3ECE /* EditProfileViewController.swift */,
				BFAEA1082C6E3F6C003A3ECE /* Login View */,
			);
			path = "Main Views";
			sourceTree = "<group>";
		};
		BF8551B52C53BDE10008B3A8 /* Custom Cells */ = {
			isa = PBXGroup;
			children = (
				BF8551A62C53B28A0008B3A8 /* CategoryCollectionViewCell.swift */,
				BF22932A2C5CF431005ECF47 /* ItemTableViewCell.swift */,
				BF2293302C637A13005ECF47 /* ImageCollectionViewCell.swift */,
			);
			path = "Custom Cells";
			sourceTree = "<group>";
		};
		BF8551B82C53BE430008B3A8 /* Model */ = {
			isa = PBXGroup;
			children = (
				BF8551B62C53BE310008B3A8 /* Category.swift */,
				BFAEA1022C6B8A7D003A3ECE /* MUser.swift */,
				BFAEA0FC2C64F77A003A3ECE /* Basket.swift */,
				BF6217C02C590462006B6CA1 /* Item.swift */,
			);
			path = Model;
			sourceTree = "<group>";
		};
		BFAEA1082C6E3F6C003A3ECE /* Login View */ = {
			isa = PBXGroup;
			children = (
				BFAEA1002C6B80FC003A3ECE /* WelcomeViewController.swift */,
				BFAEA1062C6E3F5B003A3ECE /* FinishRegistrationViewController.swift */,
			);
			path = "Login View";
			sourceTree = "<group>";
		};
/* End PBXGroup section */

/* Begin PBXNativeTarget section */
		BF85518C2C528A0B0008B3A8 /* e-shop */ = {
			isa = PBXNativeTarget;
			buildConfigurationList = BF8551A12C528A0D0008B3A8 /* Build configuration list for PBXNativeTarget "e-shop" */;
			buildPhases = (
				BF8551892C528A0B0008B3A8 /* Sources */,
				BF85518A2C528A0B0008B3A8 /* Frameworks */,
				BF85518B2C528A0B0008B3A8 /* Resources */,
			);
			buildRules = (
			);
			dependencies = (
			);
			name = "e-shop";
			packageProductDependencies = (
				BF8551AB2C53B7D00008B3A8 /* FirebaseAuth */,
				BF8551AD2C53B7D00008B3A8 /* FirebaseFirestore */,
				BF8551AF2C53B7D00008B3A8 /* FirebaseStorage */,
			);
			productName = "e-shop";
			productReference = BF85518D2C528A0B0008B3A8 /* e-shop.app */;
			productType = "com.apple.product-type.application";
		};
/* End PBXNativeTarget section */

/* Begin PBXProject section */
		BF8551852C528A0B0008B3A8 /* Project object */ = {
			isa = PBXProject;
			attributes = {
				BuildIndependentTargetsInParallel = 1;
				LastSwiftUpdateCheck = 1540;
				LastUpgradeCheck = 1540;
				TargetAttributes = {
					BF85518C2C528A0B0008B3A8 = {
						CreatedOnToolsVersion = 15.4;
					};
				};
			};
			buildConfigurationList = BF8551882C528A0B0008B3A8 /* Build configuration list for PBXProject "e-shop" */;
			compatibilityVersion = "Xcode 14.0";
			developmentRegion = en;
			hasScannedForEncodings = 0;
			knownRegions = (
				en,
				Base,
			);
			mainGroup = BF8551842C528A0B0008B3A8;
			packageReferences = (
				BF8551AA2C53B7D00008B3A8 /* XCRemoteSwiftPackageReference "firebase-ios-sdk" */,
			);
			productRefGroup = BF85518E2C528A0B0008B3A8 /* Products */;
			projectDirPath = "";
			projectRoot = "";
			targets = (
				BF85518C2C528A0B0008B3A8 /* e-shop */,
			);
		};
/* End PBXProject section */

/* Begin PBXResourcesBuildPhase section */
		BF85518B2C528A0B0008B3A8 /* Resources */ = {
			isa = PBXResourcesBuildPhase;
			buildActionMask = 2147483647;
			files = (
				BF85519A2C528A0D0008B3A8 /* Assets.xcassets in Resources */,
				BF8551A92C53B5250008B3A8 /* GoogleService-Info.plist in Resources */,
				BF85519D2C528A0D0008B3A8 /* Base in Resources */,
				BF8551982C528A0B0008B3A8 /* Base in Resources */,
			);
			runOnlyForDeploymentPostprocessing = 0;
		};
/* End PBXResourcesBuildPhase section */

/* Begin PBXSourcesBuildPhase section */
		BF8551892C528A0B0008B3A8 /* Sources */ = {
			isa = PBXSourcesBuildPhase;
			buildActionMask = 2147483647;
			files = (
				BFAEA1052C6E0DBC003A3ECE /* ProfileTableViewController.swift in Sources */,
				BFAEA0FF2C6A35E3003A3ECE /* BasketViewController.swift in Sources */,
				BF8551A72C53B28A0008B3A8 /* CategoryCollectionViewCell.swift in Sources */,
				BF6217C12C590462006B6CA1 /* Item.swift in Sources */,
				BFAEA1072C6E3F5B003A3ECE /* FinishRegistrationViewController.swift in Sources */,
				BF2293312C637A13005ECF47 /* ImageCollectionViewCell.swift in Sources */,
				BF22932F2C626790005ECF47 /* ItemViewController.swift in Sources */,
				BF22931F2C5B8339005ECF47 /* Downloader.swift in Sources */,
				BF8551912C528A0B0008B3A8 /* AppDelegate.swift in Sources */,
				BF6217BF2C57E355006B6CA1 /* ItemsTableViewController.swift in Sources */,
				BFAEA10A2C6E594C003A3ECE /* EditProfileViewController.swift in Sources */,
				BF8551B22C53BA090008B3A8 /* FirebaseCollectionReference.swift in Sources */,
				BFAEA0FD2C64F77A003A3ECE /* Basket.swift in Sources */,
				BF22932B2C5CF431005ECF47 /* ItemTableViewCell.swift in Sources */,
				BF22932D2C625D02005ECF47 /* HelperFunctions.swift in Sources */,
				BF6217C32C592702006B6CA1 /* AddItemViewController.swift in Sources */,
				BF8551B72C53BE310008B3A8 /* Category.swift in Sources */,
				BF8551BA2C53C6790008B3A8 /* Constants.swift in Sources */,
				BF22931D2C5B8293005ECF47 /* Richability.swift in Sources */,
				BF8551932C528A0B0008B3A8 /* SceneDelegate.swift in Sources */,
				BF8551A52C53B1EE0008B3A8 /* CategoryCollectionViewController.swift in Sources */,
				BFAEA1032C6B8A7D003A3ECE /* MUser.swift in Sources */,
				BFAEA1012C6B80FC003A3ECE /* WelcomeViewController.swift in Sources */,
			);
			runOnlyForDeploymentPostprocessing = 0;
		};
/* End PBXSourcesBuildPhase section */

/* Begin PBXVariantGroup section */
		BF8551962C528A0B0008B3A8 /* Main.storyboard */ = {
			isa = PBXVariantGroup;
			children = (
				BF8551972C528A0B0008B3A8 /* Base */,
			);
			name = Main.storyboard;
			sourceTree = "<group>";
		};
		BF85519B2C528A0D0008B3A8 /* LaunchScreen.storyboard */ = {
			isa = PBXVariantGroup;
			children = (
				BF85519C2C528A0D0008B3A8 /* Base */,
			);
			name = LaunchScreen.storyboard;
			sourceTree = "<group>";
		};
/* End PBXVariantGroup section */

/* Begin XCBuildConfiguration section */
		BF85519F2C528A0D0008B3A8 /* Debug */ = {
			isa = XCBuildConfiguration;
			buildSettings = {
				ALWAYS_SEARCH_USER_PATHS = NO;
				ASSETCATALOG_COMPILER_GENERATE_SWIFT_ASSET_SYMBOL_EXTENSIONS = YES;
				CLANG_ANALYZER_NONNULL = YES;
				CLANG_ANALYZER_NUMBER_OBJECT_CONVERSION = YES_AGGRESSIVE;
				CLANG_CXX_LANGUAGE_STANDARD = "gnu++20";
				CLANG_ENABLE_MODULES = YES;
				CLANG_ENABLE_OBJC_ARC = YES;
				CLANG_ENABLE_OBJC_WEAK = YES;
				CLANG_WARN_BLOCK_CAPTURE_AUTORELEASING = YES;
				CLANG_WARN_BOOL_CONVERSION = YES;
				CLANG_WARN_COMMA = YES;
				CLANG_WARN_CONSTANT_CONVERSION = YES;
				CLANG_WARN_DEPRECATED_OBJC_IMPLEMENTATIONS = YES;
				CLANG_WARN_DIRECT_OBJC_ISA_USAGE = YES_ERROR;
				CLANG_WARN_DOCUMENTATION_COMMENTS = YES;
				CLANG_WARN_EMPTY_BODY = YES;
				CLANG_WARN_ENUM_CONVERSION = YES;
				CLANG_WARN_INFINITE_RECURSION = YES;
				CLANG_WARN_INT_CONVERSION = YES;
				CLANG_WARN_NON_LITERAL_NULL_CONVERSION = YES;
				CLANG_WARN_OBJC_IMPLICIT_RETAIN_SELF = YES;
				CLANG_WARN_OBJC_LITERAL_CONVERSION = YES;
				CLANG_WARN_OBJC_ROOT_CLASS = YES_ERROR;
				CLANG_WARN_QUOTED_INCLUDE_IN_FRAMEWORK_HEADER = YES;
				CLANG_WARN_RANGE_LOOP_ANALYSIS = YES;
				CLANG_WARN_STRICT_PROTOTYPES = YES;
				CLANG_WARN_SUSPICIOUS_MOVE = YES;
				CLANG_WARN_UNGUARDED_AVAILABILITY = YES_AGGRESSIVE;
				CLANG_WARN_UNREACHABLE_CODE = YES;
				CLANG_WARN__DUPLICATE_METHOD_MATCH = YES;
				COPY_PHASE_STRIP = NO;
				DEBUG_INFORMATION_FORMAT = dwarf;
				ENABLE_STRICT_OBJC_MSGSEND = YES;
				ENABLE_TESTABILITY = YES;
				ENABLE_USER_SCRIPT_SANDBOXING = YES;
				GCC_C_LANGUAGE_STANDARD = gnu17;
				GCC_DYNAMIC_NO_PIC = NO;
				GCC_NO_COMMON_BLOCKS = YES;
				GCC_OPTIMIZATION_LEVEL = 0;
				GCC_PREPROCESSOR_DEFINITIONS = (
					"DEBUG=1",
					"$(inherited)",
				);
				GCC_WARN_64_TO_32_BIT_CONVERSION = YES;
				GCC_WARN_ABOUT_RETURN_TYPE = YES_ERROR;
				GCC_WARN_UNDECLARED_SELECTOR = YES;
				GCC_WARN_UNINITIALIZED_AUTOS = YES_AGGRESSIVE;
				GCC_WARN_UNUSED_FUNCTION = YES;
				GCC_WARN_UNUSED_VARIABLE = YES;
				IPHONEOS_DEPLOYMENT_TARGET = 14.0;
				LOCALIZATION_PREFERS_STRING_CATALOGS = YES;
				MTL_ENABLE_DEBUG_INFO = INCLUDE_SOURCE;
				MTL_FAST_MATH = YES;
				ONLY_ACTIVE_ARCH = YES;
				SDKROOT = iphoneos;
				SWIFT_ACTIVE_COMPILATION_CONDITIONS = "DEBUG $(inherited)";
				SWIFT_OPTIMIZATION_LEVEL = "-Onone";
			};
			name = Debug;
		};
		BF8551A02C528A0D0008B3A8 /* Release */ = {
			isa = XCBuildConfiguration;
			buildSettings = {
				ALWAYS_SEARCH_USER_PATHS = NO;
				ASSETCATALOG_COMPILER_GENERATE_SWIFT_ASSET_SYMBOL_EXTENSIONS = YES;
				CLANG_ANALYZER_NONNULL = YES;
				CLANG_ANALYZER_NUMBER_OBJECT_CONVERSION = YES_AGGRESSIVE;
				CLANG_CXX_LANGUAGE_STANDARD = "gnu++20";
				CLANG_ENABLE_MODULES = YES;
				CLANG_ENABLE_OBJC_ARC = YES;
				CLANG_ENABLE_OBJC_WEAK = YES;
				CLANG_WARN_BLOCK_CAPTURE_AUTORELEASING = YES;
				CLANG_WARN_BOOL_CONVERSION = YES;
				CLANG_WARN_COMMA = YES;
				CLANG_WARN_CONSTANT_CONVERSION = YES;
				CLANG_WARN_DEPRECATED_OBJC_IMPLEMENTATIONS = YES;
				CLANG_WARN_DIRECT_OBJC_ISA_USAGE = YES_ERROR;
				CLANG_WARN_DOCUMENTATION_COMMENTS = YES;
				CLANG_WARN_EMPTY_BODY = YES;
				CLANG_WARN_ENUM_CONVERSION = YES;
				CLANG_WARN_INFINITE_RECURSION = YES;
				CLANG_WARN_INT_CONVERSION = YES;
				CLANG_WARN_NON_LITERAL_NULL_CONVERSION = YES;
				CLANG_WARN_OBJC_IMPLICIT_RETAIN_SELF = YES;
				CLANG_WARN_OBJC_LITERAL_CONVERSION = YES;
				CLANG_WARN_OBJC_ROOT_CLASS = YES_ERROR;
				CLANG_WARN_QUOTED_INCLUDE_IN_FRAMEWORK_HEADER = YES;
				CLANG_WARN_RANGE_LOOP_ANALYSIS = YES;
				CLANG_WARN_STRICT_PROTOTYPES = YES;
				CLANG_WARN_SUSPICIOUS_MOVE = YES;
				CLANG_WARN_UNGUARDED_AVAILABILITY = YES_AGGRESSIVE;
				CLANG_WARN_UNREACHABLE_CODE = YES;
				CLANG_WARN__DUPLICATE_METHOD_MATCH = YES;
				COPY_PHASE_STRIP = NO;
				DEBUG_INFORMATION_FORMAT = "dwarf-with-dsym";
				ENABLE_NS_ASSERTIONS = NO;
				ENABLE_STRICT_OBJC_MSGSEND = YES;
				ENABLE_USER_SCRIPT_SANDBOXING = YES;
				GCC_C_LANGUAGE_STANDARD = gnu17;
				GCC_NO_COMMON_BLOCKS = YES;
				GCC_WARN_64_TO_32_BIT_CONVERSION = YES;
				GCC_WARN_ABOUT_RETURN_TYPE = YES_ERROR;
				GCC_WARN_UNDECLARED_SELECTOR = YES;
				GCC_WARN_UNINITIALIZED_AUTOS = YES_AGGRESSIVE;
				GCC_WARN_UNUSED_FUNCTION = YES;
				GCC_WARN_UNUSED_VARIABLE = YES;
				IPHONEOS_DEPLOYMENT_TARGET = 14.0;
				LOCALIZATION_PREFERS_STRING_CATALOGS = YES;
				MTL_ENABLE_DEBUG_INFO = NO;
				MTL_FAST_MATH = YES;
				SDKROOT = iphoneos;
				SWIFT_COMPILATION_MODE = wholemodule;
				VALIDATE_PRODUCT = YES;
			};
			name = Release;
		};
		BF8551A22C528A0D0008B3A8 /* Debug */ = {
			isa = XCBuildConfiguration;
			buildSettings = {
				ASSETCATALOG_COMPILER_APPICON_NAME = AppIcon;
				ASSETCATALOG_COMPILER_GLOBAL_ACCENT_COLOR_NAME = AccentColor;
				CODE_SIGN_STYLE = Automatic;
				CURRENT_PROJECT_VERSION = 1;
				DEVELOPMENT_TEAM = 4557443Z6X;
				GENERATE_INFOPLIST_FILE = YES;
				INFOPLIST_FILE = "e-shop/Info.plist";
				INFOPLIST_KEY_UIApplicationSupportsIndirectInputEvents = YES;
				INFOPLIST_KEY_UILaunchStoryboardName = LaunchScreen;
				INFOPLIST_KEY_UIMainStoryboardFile = Main;
				INFOPLIST_KEY_UISupportedInterfaceOrientations = UIInterfaceOrientationPortrait;
				INFOPLIST_KEY_UISupportedInterfaceOrientations_iPad = "UIInterfaceOrientationLandscapeLeft UIInterfaceOrientationLandscapeRight UIInterfaceOrientationPortrait UIInterfaceOrientationPortraitUpsideDown";
				IPHONEOS_DEPLOYMENT_TARGET = 15.0;
				LD_RUNPATH_SEARCH_PATHS = (
					"$(inherited)",
					"@executable_path/Frameworks",
				);
				MARKETING_VERSION = 1.0;
				PRODUCT_BUNDLE_IDENTIFIER = "HomeCode.e-shop";
				PRODUCT_NAME = "$(TARGET_NAME)";
				SUPPORTED_PLATFORMS = "iphoneos iphonesimulator";
				SUPPORTS_MACCATALYST = NO;
				SUPPORTS_MAC_DESIGNED_FOR_IPHONE_IPAD = NO;
				SUPPORTS_XR_DESIGNED_FOR_IPHONE_IPAD = NO;
				SWIFT_EMIT_LOC_STRINGS = YES;
				SWIFT_VERSION = 5.0;
				TARGETED_DEVICE_FAMILY = 1;
			};
			name = Debug;
		};
		BF8551A32C528A0D0008B3A8 /* Release */ = {
			isa = XCBuildConfiguration;
			buildSettings = {
				ASSETCATALOG_COMPILER_APPICON_NAME = AppIcon;
				ASSETCATALOG_COMPILER_GLOBAL_ACCENT_COLOR_NAME = AccentColor;
				CODE_SIGN_STYLE = Automatic;
				CURRENT_PROJECT_VERSION = 1;
				DEVELOPMENT_TEAM = 4557443Z6X;
				GENERATE_INFOPLIST_FILE = YES;
				INFOPLIST_FILE = "e-shop/Info.plist";
				INFOPLIST_KEY_UIApplicationSupportsIndirectInputEvents = YES;
				INFOPLIST_KEY_UILaunchStoryboardName = LaunchScreen;
				INFOPLIST_KEY_UIMainStoryboardFile = Main;
				INFOPLIST_KEY_UISupportedInterfaceOrientations = UIInterfaceOrientationPortrait;
				INFOPLIST_KEY_UISupportedInterfaceOrientations_iPad = "UIInterfaceOrientationLandscapeLeft UIInterfaceOrientationLandscapeRight UIInterfaceOrientationPortrait UIInterfaceOrientationPortraitUpsideDown";
				IPHONEOS_DEPLOYMENT_TARGET = 15.0;
				LD_RUNPATH_SEARCH_PATHS = (
					"$(inherited)",
					"@executable_path/Frameworks",
				);
				MARKETING_VERSION = 1.0;
				PRODUCT_BUNDLE_IDENTIFIER = "HomeCode.e-shop";
				PRODUCT_NAME = "$(TARGET_NAME)";
				SUPPORTED_PLATFORMS = "iphoneos iphonesimulator";
				SUPPORTS_MACCATALYST = NO;
				SUPPORTS_MAC_DESIGNED_FOR_IPHONE_IPAD = NO;
				SUPPORTS_XR_DESIGNED_FOR_IPHONE_IPAD = NO;
				SWIFT_EMIT_LOC_STRINGS = YES;
				SWIFT_VERSION = 5.0;
				TARGETED_DEVICE_FAMILY = 1;
			};
			name = Release;
		};
/* End XCBuildConfiguration section */

/* Begin XCConfigurationList section */
		BF8551882C528A0B0008B3A8 /* Build configuration list for PBXProject "e-shop" */ = {
			isa = XCConfigurationList;
			buildConfigurations = (
				BF85519F2C528A0D0008B3A8 /* Debug */,
				BF8551A02C528A0D0008B3A8 /* Release */,
			);
			defaultConfigurationIsVisible = 0;
			defaultConfigurationName = Release;
		};
		BF8551A12C528A0D0008B3A8 /* Build configuration list for PBXNativeTarget "e-shop" */ = {
			isa = XCConfigurationList;
			buildConfigurations = (
				BF8551A22C528A0D0008B3A8 /* Debug */,
				BF8551A32C528A0D0008B3A8 /* Release */,
			);
			defaultConfigurationIsVisible = 0;
			defaultConfigurationName = Release;
		};
/* End XCConfigurationList section */

/* Begin XCRemoteSwiftPackageReference section */
		BF8551AA2C53B7D00008B3A8 /* XCRemoteSwiftPackageReference "firebase-ios-sdk" */ = {
			isa = XCRemoteSwiftPackageReference;
			repositoryURL = "https://github.com/firebase/firebase-ios-sdk";
			requirement = {
				kind = upToNextMajorVersion;
				minimumVersion = 10.29.0;
			};
		};
/* End XCRemoteSwiftPackageReference section */

/* Begin XCSwiftPackageProductDependency section */
		BF8551AB2C53B7D00008B3A8 /* FirebaseAuth */ = {
			isa = XCSwiftPackageProductDependency;
			package = BF8551AA2C53B7D00008B3A8 /* XCRemoteSwiftPackageReference "firebase-ios-sdk" */;
			productName = FirebaseAuth;
		};
		BF8551AD2C53B7D00008B3A8 /* FirebaseFirestore */ = {
			isa = XCSwiftPackageProductDependency;
			package = BF8551AA2C53B7D00008B3A8 /* XCRemoteSwiftPackageReference "firebase-ios-sdk" */;
			productName = FirebaseFirestore;
		};
		BF8551AF2C53B7D00008B3A8 /* FirebaseStorage */ = {
			isa = XCSwiftPackageProductDependency;
			package = BF8551AA2C53B7D00008B3A8 /* XCRemoteSwiftPackageReference "firebase-ios-sdk" */;
			productName = FirebaseStorage;
		};
/* End XCSwiftPackageProductDependency section */
	};
	rootObject = BF8551852C528A0B0008B3A8 /* Project object */;
}
